
Microsoft Visual Studio Solution File, Format Version 12.00
# Visual Studio Version 16
VisualStudioVersion = 16.0.30128.74
MinimumVisualStudioVersion = 10.0.40219.1
Project("{FAE04EC0-301F-11D3-BF4B-00C04F79EFBC}") = "Lab 29-30", "Lab 29-30\Lab 29-30.csproj", "{5FADEA08-9784-443A-A2D9-FCCD15EFC333}"
EndProject
Global
	GlobalSection(SolutionConfigurationPlatforms) = preSolution
		Debug|Any CPU = Debug|Any CPU
		Release|Any CPU = Release|Any CPU
	EndGlobalSection
	GlobalSection(ProjectConfigurationPlatforms) = postSolution
		{5FADEA08-9784-443A-A2D9-FCCD15EFC333}.Debug|Any CPU.ActiveCfg = Debug|Any CPU
		{5FADEA08-9784-443A-A2D9-FCCD15EFC333}.Debug|Any CPU.Build.0 = Debug|Any CPU
		{5FADEA08-9784-443A-A2D9-FCCD15EFC333}.Release|Any CPU.ActiveCfg = Release|Any CPU
		{5FADEA08-9784-443A-A2D9-FCCD15EFC333}.Release|Any CPU.Build.0 = Release|Any CPU
	EndGlobalSection
	GlobalSection(SolutionProperties) = preSolution
		HideSolutionNode = FALSE
	EndGlobalSection
	GlobalSection(ExtensibilityGlobals) = postSolution
		SolutionGuid = {6B364A8A-5BA4-4973-B83F-C9FFD7AF8A83}
	EndGlobalSection
EndGlobal
